
Microsoft Visual Studio Solution File, Format Version 10.00
# Visual Studio 2008
Project("{FAE04EC0-301F-11D3-BF4B-00C04F79EFBC}") = "Bills.Manager", "..\4.Components\Bills.Manager\Bills.Manager\Bills.Manager.csproj", "{E2D00C08-6FEE-452D-A5E8-4C481C7A5EDD}"
	ProjectSection(ProjectDependencies) = postProject
		{3D6F200B-44EF-478D-B8F9-39600A1ACB04} = {3D6F200B-44EF-478D-B8F9-39600A1ACB04}
		{D1F6FE3A-C20F-4268-B960-9002E7F370B5} = {D1F6FE3A-C20F-4268-B960-9002E7F370B5}
		{4018C83D-7974-4D49-B164-FA779877F549} = {4018C83D-7974-4D49-B164-FA779877F549}
		{B2D9B9A4-2323-4536-BEA2-D6491C8BE453} = {B2D9B9A4-2323-4536-BEA2-D6491C8BE453}
		{A5AB37C6-47E2-4544-A3A2-7F91753B5BC6} = {A5AB37C6-47E2-4544-A3A2-7F91753B5BC6}
		{48D140D0-EA2A-48B8-A583-B6A45F6AB9C6} = {48D140D0-EA2A-48B8-A583-B6A45F6AB9C6}
		{F1BB10F1-4438-433B-AB78-968EF29501A5} = {F1BB10F1-4438-433B-AB78-968EF29501A5}
	EndProjectSection
EndProject
Project("{FAE04EC0-301F-11D3-BF4B-00C04F79EFBC}") = "Calendar", "..\4.Components\Calendar\Calendar\Calendar.csproj", "{F1BB10F1-4438-433B-AB78-968EF29501A5}"
EndProject
Project("{FAE04EC0-301F-11D3-BF4B-00C04F79EFBC}") = "CD.Burner", "..\4.Components\CD.Burner\CD.Burner\CD.Burner.csproj", "{3B8FDB66-1D5A-4533-9F51-2D693BF0EF23}"
EndProject
Project("{FAE04EC0-301F-11D3-BF4B-00C04F79EFBC}") = "Scsi.Manager", "..\4.Components\CD.Burner\Scsi.Manager\Scsi.Manager.csproj", "{70F80C21-890D-45B5-A0C3-2B1052733E7D}"
EndProject
Project("{FAE04EC0-301F-11D3-BF4B-00C04F79EFBC}") = "COM.Interop.Framework", "..\4.Components\COM.Interop.Framework\COM.Interop.Framework\COM.Interop.Framework.csproj", "{D605E662-4A85-472A-B95D-EE920A55E956}"
EndProject
Project("{FAE04EC0-301F-11D3-BF4B-00C04F79EFBC}") = "ConnectionString.Manager", "..\4.Components\ConnectionString.Manager\ConnectionString.Manager\ConnectionString.Manager.csproj", "{48D140D0-EA2A-48B8-A583-B6A45F6AB9C6}"
	ProjectSection(ProjectDependencies) = postProject
		{797E0018-B333-45C1-BE6A-B1AFEC9C8E49} = {797E0018-B333-45C1-BE6A-B1AFEC9C8E49}
	EndProjectSection
EndProject
Project("{FAE04EC0-301F-11D3-BF4B-00C04F79EFBC}") = "Db.Layer.Manager", "..\4.Components\Db.Layer.Manager\Db.Layer.Manager\Db.Layer.Manager.csproj", "{3D6F200B-44EF-478D-B8F9-39600A1ACB04}"
	ProjectSection(ProjectDependencies) = postProject
		{4018C83D-7974-4D49-B164-FA779877F549} = {4018C83D-7974-4D49-B164-FA779877F549}
		{B2D9B9A4-2323-4536-BEA2-D6491C8BE453} = {B2D9B9A4-2323-4536-BEA2-D6491C8BE453}
		{48D140D0-EA2A-48B8-A583-B6A45F6AB9C6} = {48D140D0-EA2A-48B8-A583-B6A45F6AB9C6}
		{F1BB10F1-4438-433B-AB78-968EF29501A5} = {F1BB10F1-4438-433B-AB78-968EF29501A5}
	EndProjectSection
EndProject
Project("{FAE04EC0-301F-11D3-BF4B-00C04F79EFBC}") = "Db.Layer.Manager.Sepehr", "..\4.Components\Db.Layer.Manager.Sepehr\Db.Layer.Manager.Sepehr\Db.Layer.Manager.Sepehr.csproj", "{A5AB37C6-47E2-4544-A3A2-7F91753B5BC6}"
	ProjectSection(ProjectDependencies) = postProject
		{3D6F200B-44EF-478D-B8F9-39600A1ACB04} = {3D6F200B-44EF-478D-B8F9-39600A1ACB04}
		{D1F6FE3A-C20F-4268-B960-9002E7F370B5} = {D1F6FE3A-C20F-4268-B960-9002E7F370B5}
		{4018C83D-7974-4D49-B164-FA779877F549} = {4018C83D-7974-4D49-B164-FA779877F549}
		{B2D9B9A4-2323-4536-BEA2-D6491C8BE453} = {B2D9B9A4-2323-4536-BEA2-D6491C8BE453}
		{48D140D0-EA2A-48B8-A583-B6A45F6AB9C6} = {48D140D0-EA2A-48B8-A583-B6A45F6AB9C6}
		{F1BB10F1-4438-433B-AB78-968EF29501A5} = {F1BB10F1-4438-433B-AB78-968EF29501A5}
	EndProjectSection
EndProject
Project("{FAE04EC0-301F-11D3-BF4B-00C04F79EFBC}") = "DirectX.Capture.Manager", "..\4.Components\DirectX.Manager\DirectX.Capture.Manager\DirectX.Capture.Manager.csproj", "{00824AE6-7E52-417C-9A44-E1EDEF9E67D3}"
	ProjectSection(ProjectDependencies) = postProject
		{BA524251-02AA-4E4F-8484-AC6BEF3EA79D} = {BA524251-02AA-4E4F-8484-AC6BEF3EA79D}
	EndProjectSection
EndProject
Project("{FAE04EC0-301F-11D3-BF4B-00C04F79EFBC}") = "DirectX.Manager", "..\4.Components\DirectX.Manager\DirectX.Manager\DirectX.Manager.csproj", "{BA524251-02AA-4E4F-8484-AC6BEF3EA79D}"
EndProject
Project("{FAE04EC0-301F-11D3-BF4B-00C04F79EFBC}") = "Medical.Video.Capture", "..\4.Components\DirectX.Manager\Medical.Video.Capture\Medical.Video.Capture.csproj", "{5B92E499-1136-4646-8DC1-C74761FC790B}"
	ProjectSection(ProjectDependencies) = postProject
		{4018C83D-7974-4D49-B164-FA779877F549} = {4018C83D-7974-4D49-B164-FA779877F549}
		{BA524251-02AA-4E4F-8484-AC6BEF3EA79D} = {BA524251-02AA-4E4F-8484-AC6BEF3EA79D}
		{B2D9B9A4-2323-4536-BEA2-D6491C8BE453} = {B2D9B9A4-2323-4536-BEA2-D6491C8BE453}
		{A5AB37C6-47E2-4544-A3A2-7F91753B5BC6} = {A5AB37C6-47E2-4544-A3A2-7F91753B5BC6}
		{00824AE6-7E52-417C-9A44-E1EDEF9E67D3} = {00824AE6-7E52-417C-9A44-E1EDEF9E67D3}
	EndProjectSection
EndProject
Project("{FAE04EC0-301F-11D3-BF4B-00C04F79EFBC}") = "Dynamic.Assembly.Manager", "..\4.Components\Dynamic.Assembly.Manager\Dynamic.Assembly.Manager\Dynamic.Assembly.Manager.csproj", "{46AC21F4-33B0-4832-AECB-31F3A94DDFD6}"
EndProject
Project("{FAE04EC0-301F-11D3-BF4B-00C04F79EFBC}") = "Grid.Printing", "..\4.Components\Grid.Printing\Grid.Printing\Grid.Printing.csproj", "{10A7DAFA-2DDF-46DC-A4CF-49A5F65E3F21}"
	ProjectSection(ProjectDependencies) = postProject
		{4018C83D-7974-4D49-B164-FA779877F549} = {4018C83D-7974-4D49-B164-FA779877F549}
		{D792E26E-C6BB-40FA-B997-4237F446B8FB} = {D792E26E-C6BB-40FA-B997-4237F446B8FB}
		{B2D9B9A4-2323-4536-BEA2-D6491C8BE453} = {B2D9B9A4-2323-4536-BEA2-D6491C8BE453}
		{F1BB10F1-4438-433B-AB78-968EF29501A5} = {F1BB10F1-4438-433B-AB78-968EF29501A5}
	EndProjectSection
EndProject
Project("{FAE04EC0-301F-11D3-BF4B-00C04F79EFBC}") = "Help.Manager", "..\4.Components\Help.Manager\Help.Manager\Help.Manager.csproj", "{D792E26E-C6BB-40FA-B997-4237F446B8FB}"
	ProjectSection(ProjectDependencies) = postProject
		{B2D9B9A4-2323-4536-BEA2-D6491C8BE453} = {B2D9B9A4-2323-4536-BEA2-D6491C8BE453}
	EndProjectSection
EndProject
Project("{FAE04EC0-301F-11D3-BF4B-00C04F79EFBC}") = "License.Manager", "..\4.Components\License.Manager\License.Manager\License.Manager.csproj", "{797E0018-B333-45C1-BE6A-B1AFEC9C8E49}"
EndProject
Project("{FAE04EC0-301F-11D3-BF4B-00C04F79EFBC}") = "Log.Manager", "..\4.Components\Log.Manager\Log.Manager\Log.Manager.csproj", "{4018C83D-7974-4D49-B164-FA779877F549}"
	ProjectSection(ProjectDependencies) = postProject
		{B2D9B9A4-2323-4536-BEA2-D6491C8BE453} = {B2D9B9A4-2323-4536-BEA2-D6491C8BE453}
	EndProjectSection
EndProject
Project("{F184B08F-C81C-45F6-A57F-5ABD9991F28F}") = "MessageBox", "..\4.Components\MessageBox\MessageBox\MessageBox.vbproj", "{B2D9B9A4-2323-4536-BEA2-D6491C8BE453}"
EndProject
Project("{FAE04EC0-301F-11D3-BF4B-00C04F79EFBC}") = "Security.Forms", "..\4.Components\Security.Forms\Security.Forms\Security.Forms.csproj", "{48869187-073A-4883-AFF5-B84D50FC3477}"
	ProjectSection(ProjectDependencies) = postProject
		{3D6F200B-44EF-478D-B8F9-39600A1ACB04} = {3D6F200B-44EF-478D-B8F9-39600A1ACB04}
		{D1F6FE3A-C20F-4268-B960-9002E7F370B5} = {D1F6FE3A-C20F-4268-B960-9002E7F370B5}
		{4018C83D-7974-4D49-B164-FA779877F549} = {4018C83D-7974-4D49-B164-FA779877F549}
		{D792E26E-C6BB-40FA-B997-4237F446B8FB} = {D792E26E-C6BB-40FA-B997-4237F446B8FB}
		{B2D9B9A4-2323-4536-BEA2-D6491C8BE453} = {B2D9B9A4-2323-4536-BEA2-D6491C8BE453}
		{48D140D0-EA2A-48B8-A583-B6A45F6AB9C6} = {48D140D0-EA2A-48B8-A583-B6A45F6AB9C6}
	EndProjectSection
EndProject
Project("{FAE04EC0-301F-11D3-BF4B-00C04F79EFBC}") = "SMS.Dashboard", "..\4.Components\SMS.Dashboard\SMS.Dashboard\SMS.Dashboard.csproj", "{2CA9CA80-05EF-4136-8C0A-92C53E4BFF44}"
	ProjectSection(ProjectDependencies) = postProject
		{3D6F200B-44EF-478D-B8F9-39600A1ACB04} = {3D6F200B-44EF-478D-B8F9-39600A1ACB04}
		{4018C83D-7974-4D49-B164-FA779877F549} = {4018C83D-7974-4D49-B164-FA779877F549}
		{B2D9B9A4-2323-4536-BEA2-D6491C8BE453} = {B2D9B9A4-2323-4536-BEA2-D6491C8BE453}
		{A5AB37C6-47E2-4544-A3A2-7F91753B5BC6} = {A5AB37C6-47E2-4544-A3A2-7F91753B5BC6}
		{F1BB10F1-4438-433B-AB78-968EF29501A5} = {F1BB10F1-4438-433B-AB78-968EF29501A5}
	EndProjectSection
EndProject
Project("{FAE04EC0-301F-11D3-BF4B-00C04F79EFBC}") = "SMS.Manager", "..\4.Components\SMS.Manager\SMS.Manager\SMS.Manager.csproj", "{FDE6C69C-D8B8-44F4-9C35-9719747ABF80}"
	ProjectSection(ProjectDependencies) = postProject
		{4018C83D-7974-4D49-B164-FA779877F549} = {4018C83D-7974-4D49-B164-FA779877F549}
		{B2D9B9A4-2323-4536-BEA2-D6491C8BE453} = {B2D9B9A4-2323-4536-BEA2-D6491C8BE453}
	EndProjectSection
EndProject
Project("{FAE04EC0-301F-11D3-BF4B-00C04F79EFBC}") = "User.Security.Manager", "..\4.Components\User.Security.Manager\User.Security.Manager\User.Security.Manager.csproj", "{D1F6FE3A-C20F-4268-B960-9002E7F370B5}"
	ProjectSection(ProjectDependencies) = postProject
		{3D6F200B-44EF-478D-B8F9-39600A1ACB04} = {3D6F200B-44EF-478D-B8F9-39600A1ACB04}
	EndProjectSection
EndProject
Project("{2150E333-8FDC-42A3-9474-1A3956D46DE8}") = "1.Components", "1.Components", "{70FD94CB-6E4D-49EC-9774-48ACD88ACA4D}"
EndProject
Project("{2150E333-8FDC-42A3-9474-1A3956D46DE8}") = "2.Settings", "2.Settings", "{5250D61C-9DE1-45B9-9059-62D6298799F6}"
EndProject
Project("{2150E333-8FDC-42A3-9474-1A3956D46DE8}") = "3.Forms", "3.Forms", "{47B68E7A-CD11-4C40-A8CC-A081B033AF3C}"
EndProject
Project("{FAE04EC0-301F-11D3-BF4B-00C04F79EFBC}") = "Settings.Accounts", "..\7.Settings.Forms\Accounts\Source\Settings.Accounts.csproj", "{A9EA9FE7-CB88-4A35-875E-2C6C3D03EE72}"
	ProjectSection(ProjectDependencies) = postProject
		{3D6F200B-44EF-478D-B8F9-39600A1ACB04} = {3D6F200B-44EF-478D-B8F9-39600A1ACB04}
		{4018C83D-7974-4D49-B164-FA779877F549} = {4018C83D-7974-4D49-B164-FA779877F549}
		{D792E26E-C6BB-40FA-B997-4237F446B8FB} = {D792E26E-C6BB-40FA-B997-4237F446B8FB}
		{48869187-073A-4883-AFF5-B84D50FC3477} = {48869187-073A-4883-AFF5-B84D50FC3477}
		{B2D9B9A4-2323-4536-BEA2-D6491C8BE453} = {B2D9B9A4-2323-4536-BEA2-D6491C8BE453}
		{A5AB37C6-47E2-4544-A3A2-7F91753B5BC6} = {A5AB37C6-47E2-4544-A3A2-7F91753B5BC6}
	EndProjectSection
EndProject
Project("{FAE04EC0-301F-11D3-BF4B-00C04F79EFBC}") = "Settings.BillTemplates", "..\7.Settings.Forms\BillTemplates\Source\Settings.BillTemplates.csproj", "{32749429-E6EE-4427-BC33-B44A9DE71BE4}"
	ProjectSection(ProjectDependencies) = postProject
		{3D6F200B-44EF-478D-B8F9-39600A1ACB04} = {3D6F200B-44EF-478D-B8F9-39600A1ACB04}
		{4018C83D-7974-4D49-B164-FA779877F549} = {4018C83D-7974-4D49-B164-FA779877F549}
		{D792E26E-C6BB-40FA-B997-4237F446B8FB} = {D792E26E-C6BB-40FA-B997-4237F446B8FB}
		{48869187-073A-4883-AFF5-B84D50FC3477} = {48869187-073A-4883-AFF5-B84D50FC3477}
		{B2D9B9A4-2323-4536-BEA2-D6491C8BE453} = {B2D9B9A4-2323-4536-BEA2-D6491C8BE453}
		{A5AB37C6-47E2-4544-A3A2-7F91753B5BC6} = {A5AB37C6-47E2-4544-A3A2-7F91753B5BC6}
	EndProjectSection
EndProject
Project("{FAE04EC0-301F-11D3-BF4B-00C04F79EFBC}") = "Settings.Cash", "..\7.Settings.Forms\Cash\Source\Settings.Cash.csproj", "{A597216D-F34D-43A6-A04F-DB1944758F1B}"
	ProjectSection(ProjectDependencies) = postProject
		{4018C83D-7974-4D49-B164-FA779877F549} = {4018C83D-7974-4D49-B164-FA779877F549}
		{D792E26E-C6BB-40FA-B997-4237F446B8FB} = {D792E26E-C6BB-40FA-B997-4237F446B8FB}
		{48869187-073A-4883-AFF5-B84D50FC3477} = {48869187-073A-4883-AFF5-B84D50FC3477}
		{B2D9B9A4-2323-4536-BEA2-D6491C8BE453} = {B2D9B9A4-2323-4536-BEA2-D6491C8BE453}
		{A5AB37C6-47E2-4544-A3A2-7F91753B5BC6} = {A5AB37C6-47E2-4544-A3A2-7F91753B5BC6}
	EndProjectSection
EndProject
Project("{FAE04EC0-301F-11D3-BF4B-00C04F79EFBC}") = "Settings.Documents", "..\7.Settings.Forms\Documents\Source\Settings.Documents.csproj", "{37529E7A-D151-46FB-A12C-CC103BCAF131}"
	ProjectSection(ProjectDependencies) = postProject
		{4018C83D-7974-4D49-B164-FA779877F549} = {4018C83D-7974-4D49-B164-FA779877F549}
		{D792E26E-C6BB-40FA-B997-4237F446B8FB} = {D792E26E-C6BB-40FA-B997-4237F446B8FB}
		{B2D9B9A4-2323-4536-BEA2-D6491C8BE453} = {B2D9B9A4-2323-4536-BEA2-D6491C8BE453}
		{A5AB37C6-47E2-4544-A3A2-7F91753B5BC6} = {A5AB37C6-47E2-4544-A3A2-7F91753B5BC6}
	EndProjectSection
EndProject
Project("{FAE04EC0-301F-11D3-BF4B-00C04F79EFBC}") = "Settings.Insurances", "..\7.Settings.Forms\Insurances\Source\Settings.Insurances.csproj", "{C7216D3B-4E23-4982-8210-C17448874B1E}"
	ProjectSection(ProjectDependencies) = postProject
		{3D6F200B-44EF-478D-B8F9-39600A1ACB04} = {3D6F200B-44EF-478D-B8F9-39600A1ACB04}
		{4018C83D-7974-4D49-B164-FA779877F549} = {4018C83D-7974-4D49-B164-FA779877F549}
		{D792E26E-C6BB-40FA-B997-4237F446B8FB} = {D792E26E-C6BB-40FA-B997-4237F446B8FB}
		{B2D9B9A4-2323-4536-BEA2-D6491C8BE453} = {B2D9B9A4-2323-4536-BEA2-D6491C8BE453}
		{A5AB37C6-47E2-4544-A3A2-7F91753B5BC6} = {A5AB37C6-47E2-4544-A3A2-7F91753B5BC6}
		{F1BB10F1-4438-433B-AB78-968EF29501A5} = {F1BB10F1-4438-433B-AB78-968EF29501A5}
		{10A7DAFA-2DDF-46DC-A4CF-49A5F65E3F21} = {10A7DAFA-2DDF-46DC-A4CF-49A5F65E3F21}
	EndProjectSection
EndProject
Project("{FAE04EC0-301F-11D3-BF4B-00C04F79EFBC}") = "Settings.PACSIntegration", "..\7.Settings.Forms\PACSIntegration\Source\Settings.PACSIntegration.csproj", "{35872FE8-D983-4412-B054-29D4E7A6AE70}"
	ProjectSection(ProjectDependencies) = postProject
		{4018C83D-7974-4D49-B164-FA779877F549} = {4018C83D-7974-4D49-B164-FA779877F549}
		{D792E26E-C6BB-40FA-B997-4237F446B8FB} = {D792E26E-C6BB-40FA-B997-4237F446B8FB}
		{B2D9B9A4-2323-4536-BEA2-D6491C8BE453} = {B2D9B9A4-2323-4536-BEA2-D6491C8BE453}
		{A5AB37C6-47E2-4544-A3A2-7F91753B5BC6} = {A5AB37C6-47E2-4544-A3A2-7F91753B5BC6}
	EndProjectSection
EndProject
Project("{FAE04EC0-301F-11D3-BF4B-00C04F79EFBC}") = "Settings.Patients", "..\7.Settings.Forms\Patients\Source\Settings.Patients.csproj", "{08C61773-7B9F-41C4-92AE-25C925CD826C}"
	ProjectSection(ProjectDependencies) = postProject
		{3D6F200B-44EF-478D-B8F9-39600A1ACB04} = {3D6F200B-44EF-478D-B8F9-39600A1ACB04}
		{4018C83D-7974-4D49-B164-FA779877F549} = {4018C83D-7974-4D49-B164-FA779877F549}
		{D792E26E-C6BB-40FA-B997-4237F446B8FB} = {D792E26E-C6BB-40FA-B997-4237F446B8FB}
		{B2D9B9A4-2323-4536-BEA2-D6491C8BE453} = {B2D9B9A4-2323-4536-BEA2-D6491C8BE453}
		{A5AB37C6-47E2-4544-A3A2-7F91753B5BC6} = {A5AB37C6-47E2-4544-A3A2-7F91753B5BC6}
	EndProjectSection
EndProject
Project("{FAE04EC0-301F-11D3-BF4B-00C04F79EFBC}") = "Settings.Referrals", "..\7.Settings.Forms\Referrals\Source\Settings.Referrals.csproj", "{3E98DA9B-FD70-4548-B648-ECE52F3920F8}"
	ProjectSection(ProjectDependencies) = postProject
		{3D6F200B-44EF-478D-B8F9-39600A1ACB04} = {3D6F200B-44EF-478D-B8F9-39600A1ACB04}
		{4018C83D-7974-4D49-B164-FA779877F549} = {4018C83D-7974-4D49-B164-FA779877F549}
		{D792E26E-C6BB-40FA-B997-4237F446B8FB} = {D792E26E-C6BB-40FA-B997-4237F446B8FB}
		{B2D9B9A4-2323-4536-BEA2-D6491C8BE453} = {B2D9B9A4-2323-4536-BEA2-D6491C8BE453}
		{A5AB37C6-47E2-4544-A3A2-7F91753B5BC6} = {A5AB37C6-47E2-4544-A3A2-7F91753B5BC6}
	EndProjectSection
EndProject
Project("{FAE04EC0-301F-11D3-BF4B-00C04F79EFBC}") = "Settings.Schedules", "..\7.Settings.Forms\Schedules\Source\Settings.Schedules.csproj", "{088D3CD5-14E9-4E08-A650-AFA2D33C24EE}"
	ProjectSection(ProjectDependencies) = postProject
		{4018C83D-7974-4D49-B164-FA779877F549} = {4018C83D-7974-4D49-B164-FA779877F549}
		{D792E26E-C6BB-40FA-B997-4237F446B8FB} = {D792E26E-C6BB-40FA-B997-4237F446B8FB}
		{B2D9B9A4-2323-4536-BEA2-D6491C8BE453} = {B2D9B9A4-2323-4536-BEA2-D6491C8BE453}
		{A5AB37C6-47E2-4544-A3A2-7F91753B5BC6} = {A5AB37C6-47E2-4544-A3A2-7F91753B5BC6}
		{F1BB10F1-4438-433B-AB78-968EF29501A5} = {F1BB10F1-4438-433B-AB78-968EF29501A5}
	EndProjectSection
EndProject
Project("{FAE04EC0-301F-11D3-BF4B-00C04F79EFBC}") = "Settings.Services", "..\7.Settings.Forms\Services\Source\Settings.Services.csproj", "{21866066-C5BB-4885-B245-CB832DEFC265}"
	ProjectSection(ProjectDependencies) = postProject
		{4018C83D-7974-4D49-B164-FA779877F549} = {4018C83D-7974-4D49-B164-FA779877F549}
		{D792E26E-C6BB-40FA-B997-4237F446B8FB} = {D792E26E-C6BB-40FA-B997-4237F446B8FB}
		{B2D9B9A4-2323-4536-BEA2-D6491C8BE453} = {B2D9B9A4-2323-4536-BEA2-D6491C8BE453}
		{A5AB37C6-47E2-4544-A3A2-7F91753B5BC6} = {A5AB37C6-47E2-4544-A3A2-7F91753B5BC6}
		{10A7DAFA-2DDF-46DC-A4CF-49A5F65E3F21} = {10A7DAFA-2DDF-46DC-A4CF-49A5F65E3F21}
	EndProjectSection
EndProject
Project("{FAE04EC0-301F-11D3-BF4B-00C04F79EFBC}") = "Settings.SMS", "..\7.Settings.Forms\SMS\Source\Settings.SMS.csproj", "{F74B2E13-1700-40FF-A65C-B1CFEA8199C6}"
	ProjectSection(ProjectDependencies) = postProject
		{4018C83D-7974-4D49-B164-FA779877F549} = {4018C83D-7974-4D49-B164-FA779877F549}
		{D792E26E-C6BB-40FA-B997-4237F446B8FB} = {D792E26E-C6BB-40FA-B997-4237F446B8FB}
		{B2D9B9A4-2323-4536-BEA2-D6491C8BE453} = {B2D9B9A4-2323-4536-BEA2-D6491C8BE453}
		{A5AB37C6-47E2-4544-A3A2-7F91753B5BC6} = {A5AB37C6-47E2-4544-A3A2-7F91753B5BC6}
	EndProjectSection
EndProject
Project("{FAE04EC0-301F-11D3-BF4B-00C04F79EFBC}") = "Forms.Account", "..\8.Forms\Account\Source\Forms.Account.csproj", "{5D63B80F-8BAD-4CD6-8A3C-DF2C129A5A49}"
	ProjectSection(ProjectDependencies) = postProject
		{E2D00C08-6FEE-452D-A5E8-4C481C7A5EDD} = {E2D00C08-6FEE-452D-A5E8-4C481C7A5EDD}
		{3D6F200B-44EF-478D-B8F9-39600A1ACB04} = {3D6F200B-44EF-478D-B8F9-39600A1ACB04}
		{D1F6FE3A-C20F-4268-B960-9002E7F370B5} = {D1F6FE3A-C20F-4268-B960-9002E7F370B5}
		{4018C83D-7974-4D49-B164-FA779877F549} = {4018C83D-7974-4D49-B164-FA779877F549}
		{D792E26E-C6BB-40FA-B997-4237F446B8FB} = {D792E26E-C6BB-40FA-B997-4237F446B8FB}
		{B2D9B9A4-2323-4536-BEA2-D6491C8BE453} = {B2D9B9A4-2323-4536-BEA2-D6491C8BE453}
		{A5AB37C6-47E2-4544-A3A2-7F91753B5BC6} = {A5AB37C6-47E2-4544-A3A2-7F91753B5BC6}
		{F1BB10F1-4438-433B-AB78-968EF29501A5} = {F1BB10F1-4438-433B-AB78-968EF29501A5}
	EndProjectSection
EndProject
Project("{FAE04EC0-301F-11D3-BF4B-00C04F79EFBC}") = "Forms.Admission", "..\8.Forms\Admission\Source\Forms.Admission.csproj", "{E34721F6-6159-4FB7-9A43-C46FD5717F70}"
	ProjectSection(ProjectDependencies) = postProject
		{E2D00C08-6FEE-452D-A5E8-4C481C7A5EDD} = {E2D00C08-6FEE-452D-A5E8-4C481C7A5EDD}
		{3D6F200B-44EF-478D-B8F9-39600A1ACB04} = {3D6F200B-44EF-478D-B8F9-39600A1ACB04}
		{5D63B80F-8BAD-4CD6-8A3C-DF2C129A5A49} = {5D63B80F-8BAD-4CD6-8A3C-DF2C129A5A49}
		{797E0018-B333-45C1-BE6A-B1AFEC9C8E49} = {797E0018-B333-45C1-BE6A-B1AFEC9C8E49}
		{D1F6FE3A-C20F-4268-B960-9002E7F370B5} = {D1F6FE3A-C20F-4268-B960-9002E7F370B5}
		{4018C83D-7974-4D49-B164-FA779877F549} = {4018C83D-7974-4D49-B164-FA779877F549}
		{D792E26E-C6BB-40FA-B997-4237F446B8FB} = {D792E26E-C6BB-40FA-B997-4237F446B8FB}
		{5B92E499-1136-4646-8DC1-C74761FC790B} = {5B92E499-1136-4646-8DC1-C74761FC790B}
		{B2D9B9A4-2323-4536-BEA2-D6491C8BE453} = {B2D9B9A4-2323-4536-BEA2-D6491C8BE453}
		{541620B8-097A-4B06-8670-A495A0F91D04} = {541620B8-097A-4B06-8670-A495A0F91D04}
		{A5AB37C6-47E2-4544-A3A2-7F91753B5BC6} = {A5AB37C6-47E2-4544-A3A2-7F91753B5BC6}
		{F1BB10F1-4438-433B-AB78-968EF29501A5} = {F1BB10F1-4438-433B-AB78-968EF29501A5}
	EndProjectSection
EndProject
Project("{FAE04EC0-301F-11D3-BF4B-00C04F79EFBC}") = "Forms.Cash", "..\8.Forms\Cash\Source\Forms.Cash.csproj", "{AF2EA5B3-4604-47FF-BB59-B560B9C49586}"
	ProjectSection(ProjectDependencies) = postProject
		{3D6F200B-44EF-478D-B8F9-39600A1ACB04} = {3D6F200B-44EF-478D-B8F9-39600A1ACB04}
		{5D63B80F-8BAD-4CD6-8A3C-DF2C129A5A49} = {5D63B80F-8BAD-4CD6-8A3C-DF2C129A5A49}
		{797E0018-B333-45C1-BE6A-B1AFEC9C8E49} = {797E0018-B333-45C1-BE6A-B1AFEC9C8E49}
		{D1F6FE3A-C20F-4268-B960-9002E7F370B5} = {D1F6FE3A-C20F-4268-B960-9002E7F370B5}
		{4018C83D-7974-4D49-B164-FA779877F549} = {4018C83D-7974-4D49-B164-FA779877F549}
		{D792E26E-C6BB-40FA-B997-4237F446B8FB} = {D792E26E-C6BB-40FA-B997-4237F446B8FB}
		{B2D9B9A4-2323-4536-BEA2-D6491C8BE453} = {B2D9B9A4-2323-4536-BEA2-D6491C8BE453}
		{A5AB37C6-47E2-4544-A3A2-7F91753B5BC6} = {A5AB37C6-47E2-4544-A3A2-7F91753B5BC6}
		{F1BB10F1-4438-433B-AB78-968EF29501A5} = {F1BB10F1-4438-433B-AB78-968EF29501A5}
		{10A7DAFA-2DDF-46DC-A4CF-49A5F65E3F21} = {10A7DAFA-2DDF-46DC-A4CF-49A5F65E3F21}
	EndProjectSection
EndProject
Project("{FAE04EC0-301F-11D3-BF4B-00C04F79EFBC}") = "Forms.Documents", "..\8.Forms\Documents\Source\Forms.Documents.csproj", "{541620B8-097A-4B06-8670-A495A0F91D04}"
	ProjectSection(ProjectDependencies) = postProject
		{3D6F200B-44EF-478D-B8F9-39600A1ACB04} = {3D6F200B-44EF-478D-B8F9-39600A1ACB04}
		{797E0018-B333-45C1-BE6A-B1AFEC9C8E49} = {797E0018-B333-45C1-BE6A-B1AFEC9C8E49}
		{D1F6FE3A-C20F-4268-B960-9002E7F370B5} = {D1F6FE3A-C20F-4268-B960-9002E7F370B5}
		{4018C83D-7974-4D49-B164-FA779877F549} = {4018C83D-7974-4D49-B164-FA779877F549}
		{3B8FDB66-1D5A-4533-9F51-2D693BF0EF23} = {3B8FDB66-1D5A-4533-9F51-2D693BF0EF23}
		{D792E26E-C6BB-40FA-B997-4237F446B8FB} = {D792E26E-C6BB-40FA-B997-4237F446B8FB}
		{5B92E499-1136-4646-8DC1-C74761FC790B} = {5B92E499-1136-4646-8DC1-C74761FC790B}
		{B2D9B9A4-2323-4536-BEA2-D6491C8BE453} = {B2D9B9A4-2323-4536-BEA2-D6491C8BE453}
		{A5AB37C6-47E2-4544-A3A2-7F91753B5BC6} = {A5AB37C6-47E2-4544-A3A2-7F91753B5BC6}
		{F1BB10F1-4438-433B-AB78-968EF29501A5} = {F1BB10F1-4438-433B-AB78-968EF29501A5}
	EndProjectSection
EndProject
Project("{FAE04EC0-301F-11D3-BF4B-00C04F79EFBC}") = "Sepehr.Reports", "..\8.Forms\Reports\Source\Sepehr.Reports.csproj", "{07A18736-D961-4C00-89C3-ECD1EF4BE778}"
	ProjectSection(ProjectDependencies) = postProject
		{3D6F200B-44EF-478D-B8F9-39600A1ACB04} = {3D6F200B-44EF-478D-B8F9-39600A1ACB04}
		{D1F6FE3A-C20F-4268-B960-9002E7F370B5} = {D1F6FE3A-C20F-4268-B960-9002E7F370B5}
		{4018C83D-7974-4D49-B164-FA779877F549} = {4018C83D-7974-4D49-B164-FA779877F549}
		{D792E26E-C6BB-40FA-B997-4237F446B8FB} = {D792E26E-C6BB-40FA-B997-4237F446B8FB}
		{B2D9B9A4-2323-4536-BEA2-D6491C8BE453} = {B2D9B9A4-2323-4536-BEA2-D6491C8BE453}
		{A5AB37C6-47E2-4544-A3A2-7F91753B5BC6} = {A5AB37C6-47E2-4544-A3A2-7F91753B5BC6}
		{48D140D0-EA2A-48B8-A583-B6A45F6AB9C6} = {48D140D0-EA2A-48B8-A583-B6A45F6AB9C6}
		{F1BB10F1-4438-433B-AB78-968EF29501A5} = {F1BB10F1-4438-433B-AB78-968EF29501A5}
		{10A7DAFA-2DDF-46DC-A4CF-49A5F65E3F21} = {10A7DAFA-2DDF-46DC-A4CF-49A5F65E3F21}
	EndProjectSection
EndProject
Project("{FAE04EC0-301F-11D3-BF4B-00C04F79EFBC}") = "Forms.Schedules", "..\8.Forms\Schedule\Source\Forms.Schedules.csproj", "{5DAE0755-C2A0-46BC-8C28-C869E94E1E1B}"
	ProjectSection(ProjectDependencies) = postProject
		{3D6F200B-44EF-478D-B8F9-39600A1ACB04} = {3D6F200B-44EF-478D-B8F9-39600A1ACB04}
		{797E0018-B333-45C1-BE6A-B1AFEC9C8E49} = {797E0018-B333-45C1-BE6A-B1AFEC9C8E49}
		{D1F6FE3A-C20F-4268-B960-9002E7F370B5} = {D1F6FE3A-C20F-4268-B960-9002E7F370B5}
		{4018C83D-7974-4D49-B164-FA779877F549} = {4018C83D-7974-4D49-B164-FA779877F549}
		{D792E26E-C6BB-40FA-B997-4237F446B8FB} = {D792E26E-C6BB-40FA-B997-4237F446B8FB}
		{B2D9B9A4-2323-4536-BEA2-D6491C8BE453} = {B2D9B9A4-2323-4536-BEA2-D6491C8BE453}
		{A5AB37C6-47E2-4544-A3A2-7F91753B5BC6} = {A5AB37C6-47E2-4544-A3A2-7F91753B5BC6}
		{F1BB10F1-4438-433B-AB78-968EF29501A5} = {F1BB10F1-4438-433B-AB78-968EF29501A5}
		{E34721F6-6159-4FB7-9A43-C46FD5717F70} = {E34721F6-6159-4FB7-9A43-C46FD5717F70}
		{10A7DAFA-2DDF-46DC-A4CF-49A5F65E3F21} = {10A7DAFA-2DDF-46DC-A4CF-49A5F65E3F21}
	EndProjectSection
EndProject
Project("{FAE04EC0-301F-11D3-BF4B-00C04F79EFBC}") = "Main.Application", "..\10.Main.Application\Source\Main.Application.csproj", "{F2EA2217-E227-43F7-AA00-BF6DA249BBED}"
	ProjectSection(ProjectDependencies) = postProject
		{E2D00C08-6FEE-452D-A5E8-4C481C7A5EDD} = {E2D00C08-6FEE-452D-A5E8-4C481C7A5EDD}
		{3D6F200B-44EF-478D-B8F9-39600A1ACB04} = {3D6F200B-44EF-478D-B8F9-39600A1ACB04}
		{5D63B80F-8BAD-4CD6-8A3C-DF2C129A5A49} = {5D63B80F-8BAD-4CD6-8A3C-DF2C129A5A49}
		{F74B2E13-1700-40FF-A65C-B1CFEA8199C6} = {F74B2E13-1700-40FF-A65C-B1CFEA8199C6}
		{797E0018-B333-45C1-BE6A-B1AFEC9C8E49} = {797E0018-B333-45C1-BE6A-B1AFEC9C8E49}
		{70F80C21-890D-45B5-A0C3-2B1052733E7D} = {70F80C21-890D-45B5-A0C3-2B1052733E7D}
		{32749429-E6EE-4427-BC33-B44A9DE71BE4} = {32749429-E6EE-4427-BC33-B44A9DE71BE4}
		{07A18736-D961-4C00-89C3-ECD1EF4BE778} = {07A18736-D961-4C00-89C3-ECD1EF4BE778}
		{D1F6FE3A-C20F-4268-B960-9002E7F370B5} = {D1F6FE3A-C20F-4268-B960-9002E7F370B5}
		{C7216D3B-4E23-4982-8210-C17448874B1E} = {C7216D3B-4E23-4982-8210-C17448874B1E}
		{4018C83D-7974-4D49-B164-FA779877F549} = {4018C83D-7974-4D49-B164-FA779877F549}
		{BA524251-02AA-4E4F-8484-AC6BEF3EA79D} = {BA524251-02AA-4E4F-8484-AC6BEF3EA79D}
		{5DAE0755-C2A0-46BC-8C28-C869E94E1E1B} = {5DAE0755-C2A0-46BC-8C28-C869E94E1E1B}
		{D605E662-4A85-472A-B95D-EE920A55E956} = {D605E662-4A85-472A-B95D-EE920A55E956}
		{21866066-C5BB-4885-B245-CB832DEFC265} = {21866066-C5BB-4885-B245-CB832DEFC265}
		{3B8FDB66-1D5A-4533-9F51-2D693BF0EF23} = {3B8FDB66-1D5A-4533-9F51-2D693BF0EF23}
		{A597216D-F34D-43A6-A04F-DB1944758F1B} = {A597216D-F34D-43A6-A04F-DB1944758F1B}
		{D792E26E-C6BB-40FA-B997-4237F446B8FB} = {D792E26E-C6BB-40FA-B997-4237F446B8FB}
		{08C61773-7B9F-41C4-92AE-25C925CD826C} = {08C61773-7B9F-41C4-92AE-25C925CD826C}
		{37529E7A-D151-46FB-A12C-CC103BCAF131} = {37529E7A-D151-46FB-A12C-CC103BCAF131}
		{2CA9CA80-05EF-4136-8C0A-92C53E4BFF44} = {2CA9CA80-05EF-4136-8C0A-92C53E4BFF44}
		{48869187-073A-4883-AFF5-B84D50FC3477} = {48869187-073A-4883-AFF5-B84D50FC3477}
		{5B92E499-1136-4646-8DC1-C74761FC790B} = {5B92E499-1136-4646-8DC1-C74761FC790B}
		{3E98DA9B-FD70-4548-B648-ECE52F3920F8} = {3E98DA9B-FD70-4548-B648-ECE52F3920F8}
		{FDE6C69C-D8B8-44F4-9C35-9719747ABF80} = {FDE6C69C-D8B8-44F4-9C35-9719747ABF80}
		{B2D9B9A4-2323-4536-BEA2-D6491C8BE453} = {B2D9B9A4-2323-4536-BEA2-D6491C8BE453}
		{AF2EA5B3-4604-47FF-BB59-B560B9C49586} = {AF2EA5B3-4604-47FF-BB59-B560B9C49586}
		{541620B8-097A-4B06-8670-A495A0F91D04} = {541620B8-097A-4B06-8670-A495A0F91D04}
		{A5AB37C6-47E2-4544-A3A2-7F91753B5BC6} = {A5AB37C6-47E2-4544-A3A2-7F91753B5BC6}
		{48D140D0-EA2A-48B8-A583-B6A45F6AB9C6} = {48D140D0-EA2A-48B8-A583-B6A45F6AB9C6}
		{088D3CD5-14E9-4E08-A650-AFA2D33C24EE} = {088D3CD5-14E9-4E08-A650-AFA2D33C24EE}
		{00824AE6-7E52-417C-9A44-E1EDEF9E67D3} = {00824AE6-7E52-417C-9A44-E1EDEF9E67D3}
		{A9EA9FE7-CB88-4A35-875E-2C6C3D03EE72} = {A9EA9FE7-CB88-4A35-875E-2C6C3D03EE72}
		{35872FE8-D983-4412-B054-29D4E7A6AE70} = {35872FE8-D983-4412-B054-29D4E7A6AE70}
		{F1BB10F1-4438-433B-AB78-968EF29501A5} = {F1BB10F1-4438-433B-AB78-968EF29501A5}
		{46AC21F4-33B0-4832-AECB-31F3A94DDFD6} = {46AC21F4-33B0-4832-AECB-31F3A94DDFD6}
		{E34721F6-6159-4FB7-9A43-C46FD5717F70} = {E34721F6-6159-4FB7-9A43-C46FD5717F70}
		{10A7DAFA-2DDF-46DC-A4CF-49A5F65E3F21} = {10A7DAFA-2DDF-46DC-A4CF-49A5F65E3F21}
	EndProjectSection
EndProject
Global
	GlobalSection(SolutionConfigurationPlatforms) = preSolution
		Debug|Any CPU = Debug|Any CPU
		Release|Any CPU = Release|Any CPU
	EndGlobalSection
	GlobalSection(ProjectConfigurationPlatforms) = postSolution
		{E2D00C08-6FEE-452D-A5E8-4C481C7A5EDD}.Debug|Any CPU.ActiveCfg = Debug|Any CPU
		{E2D00C08-6FEE-452D-A5E8-4C481C7A5EDD}.Debug|Any CPU.Build.0 = Debug|Any CPU
		{E2D00C08-6FEE-452D-A5E8-4C481C7A5EDD}.Release|Any CPU.ActiveCfg = Release|Any CPU
		{E2D00C08-6FEE-452D-A5E8-4C481C7A5EDD}.Release|Any CPU.Build.0 = Release|Any CPU
		{F1BB10F1-4438-433B-AB78-968EF29501A5}.Debug|Any CPU.ActiveCfg = Debug|Any CPU
		{F1BB10F1-4438-433B-AB78-968EF29501A5}.Debug|Any CPU.Build.0 = Debug|Any CPU
		{F1BB10F1-4438-433B-AB78-968EF29501A5}.Release|Any CPU.ActiveCfg = Release|Any CPU
		{F1BB10F1-4438-433B-AB78-968EF29501A5}.Release|Any CPU.Build.0 = Release|Any CPU
		{3B8FDB66-1D5A-4533-9F51-2D693BF0EF23}.Debug|Any CPU.ActiveCfg = Debug|Any CPU
		{3B8FDB66-1D5A-4533-9F51-2D693BF0EF23}.Debug|Any CPU.Build.0 = Debug|Any CPU
		{3B8FDB66-1D5A-4533-9F51-2D693BF0EF23}.Release|Any CPU.ActiveCfg = Release|Any CPU
		{3B8FDB66-1D5A-4533-9F51-2D693BF0EF23}.Release|Any CPU.Build.0 = Release|Any CPU
		{70F80C21-890D-45B5-A0C3-2B1052733E7D}.Debug|Any CPU.ActiveCfg = Debug|Any CPU
		{70F80C21-890D-45B5-A0C3-2B1052733E7D}.Debug|Any CPU.Build.0 = Debug|Any CPU
		{70F80C21-890D-45B5-A0C3-2B1052733E7D}.Release|Any CPU.ActiveCfg = Release|Any CPU
		{70F80C21-890D-45B5-A0C3-2B1052733E7D}.Release|Any CPU.Build.0 = Release|Any CPU
		{D605E662-4A85-472A-B95D-EE920A55E956}.Debug|Any CPU.ActiveCfg = Debug|Any CPU
		{D605E662-4A85-472A-B95D-EE920A55E956}.Debug|Any CPU.Build.0 = Debug|Any CPU
		{D605E662-4A85-472A-B95D-EE920A55E956}.Release|Any CPU.ActiveCfg = Release|Any CPU
		{D605E662-4A85-472A-B95D-EE920A55E956}.Release|Any CPU.Build.0 = Release|Any CPU
		{48D140D0-EA2A-48B8-A583-B6A45F6AB9C6}.Debug|Any CPU.ActiveCfg = Debug|Any CPU
		{48D140D0-EA2A-48B8-A583-B6A45F6AB9C6}.Debug|Any CPU.Build.0 = Debug|Any CPU
		{48D140D0-EA2A-48B8-A583-B6A45F6AB9C6}.Release|Any CPU.ActiveCfg = Release|Any CPU
		{48D140D0-EA2A-48B8-A583-B6A45F6AB9C6}.Release|Any CPU.Build.0 = Release|Any CPU
		{3D6F200B-44EF-478D-B8F9-39600A1ACB04}.Debug|Any CPU.ActiveCfg = Debug|Any CPU
		{3D6F200B-44EF-478D-B8F9-39600A1ACB04}.Debug|Any CPU.Build.0 = Debug|Any CPU
		{3D6F200B-44EF-478D-B8F9-39600A1ACB04}.Release|Any CPU.ActiveCfg = Release|Any CPU
		{3D6F200B-44EF-478D-B8F9-39600A1ACB04}.Release|Any CPU.Build.0 = Release|Any CPU
		{A5AB37C6-47E2-4544-A3A2-7F91753B5BC6}.Debug|Any CPU.ActiveCfg = Debug|Any CPU
		{A5AB37C6-47E2-4544-A3A2-7F91753B5BC6}.Debug|Any CPU.Build.0 = Debug|Any CPU
		{A5AB37C6-47E2-4544-A3A2-7F91753B5BC6}.Release|Any CPU.ActiveCfg = Release|Any CPU
		{A5AB37C6-47E2-4544-A3A2-7F91753B5BC6}.Release|Any CPU.Build.0 = Release|Any CPU
		{00824AE6-7E52-417C-9A44-E1EDEF9E67D3}.Debug|Any CPU.ActiveCfg = Debug|Any CPU
		{00824AE6-7E52-417C-9A44-E1EDEF9E67D3}.Debug|Any CPU.Build.0 = Debug|Any CPU
		{00824AE6-7E52-417C-9A44-E1EDEF9E67D3}.Release|Any CPU.ActiveCfg = Release|Any CPU
		{00824AE6-7E52-417C-9A44-E1EDEF9E67D3}.Release|Any CPU.Build.0 = Release|Any CPU
		{BA524251-02AA-4E4F-8484-AC6BEF3EA79D}.Debug|Any CPU.ActiveCfg = Debug|Any CPU
		{BA524251-02AA-4E4F-8484-AC6BEF3EA79D}.Debug|Any CPU.Build.0 = Debug|Any CPU
		{BA524251-02AA-4E4F-8484-AC6BEF3EA79D}.Release|Any CPU.ActiveCfg = Release|Any CPU
		{BA524251-02AA-4E4F-8484-AC6BEF3EA79D}.Release|Any CPU.Build.0 = Release|Any CPU
		{5B92E499-1136-4646-8DC1-C74761FC790B}.Debug|Any CPU.ActiveCfg = Debug|Any CPU
		{5B92E499-1136-4646-8DC1-C74761FC790B}.Debug|Any CPU.Build.0 = Debug|Any CPU
		{5B92E499-1136-4646-8DC1-C74761FC790B}.Release|Any CPU.ActiveCfg = Release|Any CPU
		{5B92E499-1136-4646-8DC1-C74761FC790B}.Release|Any CPU.Build.0 = Release|Any CPU
		{46AC21F4-33B0-4832-AECB-31F3A94DDFD6}.Debug|Any CPU.ActiveCfg = Debug|Any CPU
		{46AC21F4-33B0-4832-AECB-31F3A94DDFD6}.Debug|Any CPU.Build.0 = Debug|Any CPU
		{46AC21F4-33B0-4832-AECB-31F3A94DDFD6}.Release|Any CPU.ActiveCfg = Release|Any CPU
		{46AC21F4-33B0-4832-AECB-31F3A94DDFD6}.Release|Any CPU.Build.0 = Release|Any CPU
		{10A7DAFA-2DDF-46DC-A4CF-49A5F65E3F21}.Debug|Any CPU.ActiveCfg = Debug|Any CPU
		{10A7DAFA-2DDF-46DC-A4CF-49A5F65E3F21}.Debug|Any CPU.Build.0 = Debug|Any CPU
		{10A7DAFA-2DDF-46DC-A4CF-49A5F65E3F21}.Release|Any CPU.ActiveCfg = Release|Any CPU
		{10A7DAFA-2DDF-46DC-A4CF-49A5F65E3F21}.Release|Any CPU.Build.0 = Release|Any CPU
		{D792E26E-C6BB-40FA-B997-4237F446B8FB}.Debug|Any CPU.ActiveCfg = Debug|Any CPU
		{D792E26E-C6BB-40FA-B997-4237F446B8FB}.Debug|Any CPU.Build.0 = Debug|Any CPU
		{D792E26E-C6BB-40FA-B997-4237F446B8FB}.Release|Any CPU.ActiveCfg = Release|Any CPU
		{D792E26E-C6BB-40FA-B997-4237F446B8FB}.Release|Any CPU.Build.0 = Release|Any CPU
		{797E0018-B333-45C1-BE6A-B1AFEC9C8E49}.Debug|Any CPU.ActiveCfg = Debug|Any CPU
		{797E0018-B333-45C1-BE6A-B1AFEC9C8E49}.Debug|Any CPU.Build.0 = Debug|Any CPU
		{797E0018-B333-45C1-BE6A-B1AFEC9C8E49}.Release|Any CPU.ActiveCfg = Release|Any CPU
		{797E0018-B333-45C1-BE6A-B1AFEC9C8E49}.Release|Any CPU.Build.0 = Release|Any CPU
		{4018C83D-7974-4D49-B164-FA779877F549}.Debug|Any CPU.ActiveCfg = Debug|Any CPU
		{4018C83D-7974-4D49-B164-FA779877F549}.Debug|Any CPU.Build.0 = Debug|Any CPU
		{4018C83D-7974-4D49-B164-FA779877F549}.Release|Any CPU.ActiveCfg = Release|Any CPU
		{4018C83D-7974-4D49-B164-FA779877F549}.Release|Any CPU.Build.0 = Release|Any CPU
		{B2D9B9A4-2323-4536-BEA2-D6491C8BE453}.Debug|Any CPU.ActiveCfg = Debug|Any CPU
		{B2D9B9A4-2323-4536-BEA2-D6491C8BE453}.Debug|Any CPU.Build.0 = Debug|Any CPU
		{B2D9B9A4-2323-4536-BEA2-D6491C8BE453}.Release|Any CPU.ActiveCfg = Release|Any CPU
		{B2D9B9A4-2323-4536-BEA2-D6491C8BE453}.Release|Any CPU.Build.0 = Release|Any CPU
		{48869187-073A-4883-AFF5-B84D50FC3477}.Debug|Any CPU.ActiveCfg = Debug|Any CPU
		{48869187-073A-4883-AFF5-B84D50FC3477}.Debug|Any CPU.Build.0 = Debug|Any CPU
		{48869187-073A-4883-AFF5-B84D50FC3477}.Release|Any CPU.ActiveCfg = Release|Any CPU
		{48869187-073A-4883-AFF5-B84D50FC3477}.Release|Any CPU.Build.0 = Release|Any CPU
		{2CA9CA80-05EF-4136-8C0A-92C53E4BFF44}.Debug|Any CPU.ActiveCfg = Debug|Any CPU
		{2CA9CA80-05EF-4136-8C0A-92C53E4BFF44}.Debug|Any CPU.Build.0 = Debug|Any CPU
		{2CA9CA80-05EF-4136-8C0A-92C53E4BFF44}.Release|Any CPU.ActiveCfg = Release|Any CPU
		{2CA9CA80-05EF-4136-8C0A-92C53E4BFF44}.Release|Any CPU.Build.0 = Release|Any CPU
		{FDE6C69C-D8B8-44F4-9C35-9719747ABF80}.Debug|Any CPU.ActiveCfg = Debug|Any CPU
		{FDE6C69C-D8B8-44F4-9C35-9719747ABF80}.Debug|Any CPU.Build.0 = Debug|Any CPU
		{FDE6C69C-D8B8-44F4-9C35-9719747ABF80}.Release|Any CPU.ActiveCfg = Release|Any CPU
		{FDE6C69C-D8B8-44F4-9C35-9719747ABF80}.Release|Any CPU.Build.0 = Release|Any CPU
		{D1F6FE3A-C20F-4268-B960-9002E7F370B5}.Debug|Any CPU.ActiveCfg = Debug|Any CPU
		{D1F6FE3A-C20F-4268-B960-9002E7F370B5}.Debug|Any CPU.Build.0 = Debug|Any CPU
		{D1F6FE3A-C20F-4268-B960-9002E7F370B5}.Release|Any CPU.ActiveCfg = Release|Any CPU
		{D1F6FE3A-C20F-4268-B960-9002E7F370B5}.Release|Any CPU.Build.0 = Release|Any CPU
		{A9EA9FE7-CB88-4A35-875E-2C6C3D03EE72}.Debug|Any CPU.ActiveCfg = Debug|Any CPU
		{A9EA9FE7-CB88-4A35-875E-2C6C3D03EE72}.Debug|Any CPU.Build.0 = Debug|Any CPU
		{A9EA9FE7-CB88-4A35-875E-2C6C3D03EE72}.Release|Any CPU.ActiveCfg = Release|Any CPU
		{A9EA9FE7-CB88-4A35-875E-2C6C3D03EE72}.Release|Any CPU.Build.0 = Release|Any CPU
		{32749429-E6EE-4427-BC33-B44A9DE71BE4}.Debug|Any CPU.ActiveCfg = Debug|Any CPU
		{32749429-E6EE-4427-BC33-B44A9DE71BE4}.Debug|Any CPU.Build.0 = Debug|Any CPU
		{32749429-E6EE-4427-BC33-B44A9DE71BE4}.Release|Any CPU.ActiveCfg = Release|Any CPU
		{32749429-E6EE-4427-BC33-B44A9DE71BE4}.Release|Any CPU.Build.0 = Release|Any CPU
		{A597216D-F34D-43A6-A04F-DB1944758F1B}.Debug|Any CPU.ActiveCfg = Debug|Any CPU
		{A597216D-F34D-43A6-A04F-DB1944758F1B}.Debug|Any CPU.Build.0 = Debug|Any CPU
		{A597216D-F34D-43A6-A04F-DB1944758F1B}.Release|Any CPU.ActiveCfg = Release|Any CPU
		{A597216D-F34D-43A6-A04F-DB1944758F1B}.Release|Any CPU.Build.0 = Release|Any CPU
		{37529E7A-D151-46FB-A12C-CC103BCAF131}.Debug|Any CPU.ActiveCfg = Debug|Any CPU
		{37529E7A-D151-46FB-A12C-CC103BCAF131}.Debug|Any CPU.Build.0 = Debug|Any CPU
		{37529E7A-D151-46FB-A12C-CC103BCAF131}.Release|Any CPU.ActiveCfg = Release|Any CPU
		{37529E7A-D151-46FB-A12C-CC103BCAF131}.Release|Any CPU.Build.0 = Release|Any CPU
		{C7216D3B-4E23-4982-8210-C17448874B1E}.Debug|Any CPU.ActiveCfg = Debug|Any CPU
		{C7216D3B-4E23-4982-8210-C17448874B1E}.Debug|Any CPU.Build.0 = Debug|Any CPU
		{C7216D3B-4E23-4982-8210-C17448874B1E}.Release|Any CPU.ActiveCfg = Release|Any CPU
		{C7216D3B-4E23-4982-8210-C17448874B1E}.Release|Any CPU.Build.0 = Release|Any CPU
		{35872FE8-D983-4412-B054-29D4E7A6AE70}.Debug|Any CPU.ActiveCfg = Debug|Any CPU
		{35872FE8-D983-4412-B054-29D4E7A6AE70}.Debug|Any CPU.Build.0 = Debug|Any CPU
		{35872FE8-D983-4412-B054-29D4E7A6AE70}.Release|Any CPU.ActiveCfg = Release|Any CPU
		{35872FE8-D983-4412-B054-29D4E7A6AE70}.Release|Any CPU.Build.0 = Release|Any CPU
		{08C61773-7B9F-41C4-92AE-25C925CD826C}.Debug|Any CPU.ActiveCfg = Debug|Any CPU
		{08C61773-7B9F-41C4-92AE-25C925CD826C}.Debug|Any CPU.Build.0 = Debug|Any CPU
		{08C61773-7B9F-41C4-92AE-25C925CD826C}.Release|Any CPU.ActiveCfg = Release|Any CPU
		{08C61773-7B9F-41C4-92AE-25C925CD826C}.Release|Any CPU.Build.0 = Release|Any CPU
		{3E98DA9B-FD70-4548-B648-ECE52F3920F8}.Debug|Any CPU.ActiveCfg = Debug|Any CPU
		{3E98DA9B-FD70-4548-B648-ECE52F3920F8}.Debug|Any CPU.Build.0 = Debug|Any CPU
		{3E98DA9B-FD70-4548-B648-ECE52F3920F8}.Release|Any CPU.ActiveCfg = Release|Any CPU
		{3E98DA9B-FD70-4548-B648-ECE52F3920F8}.Release|Any CPU.Build.0 = Release|Any CPU
		{088D3CD5-14E9-4E08-A650-AFA2D33C24EE}.Debug|Any CPU.ActiveCfg = Debug|Any CPU
		{088D3CD5-14E9-4E08-A650-AFA2D33C24EE}.Debug|Any CPU.Build.0 = Debug|Any CPU
		{088D3CD5-14E9-4E08-A650-AFA2D33C24EE}.Release|Any CPU.ActiveCfg = Release|Any CPU
		{088D3CD5-14E9-4E08-A650-AFA2D33C24EE}.Release|Any CPU.Build.0 = Release|Any CPU
		{21866066-C5BB-4885-B245-CB832DEFC265}.Debug|Any CPU.ActiveCfg = Debug|Any CPU
		{21866066-C5BB-4885-B245-CB832DEFC265}.Debug|Any CPU.Build.0 = Debug|Any CPU
		{21866066-C5BB-4885-B245-CB832DEFC265}.Release|Any CPU.ActiveCfg = Release|Any CPU
		{21866066-C5BB-4885-B245-CB832DEFC265}.Release|Any CPU.Build.0 = Release|Any CPU
		{F74B2E13-1700-40FF-A65C-B1CFEA8199C6}.Debug|Any CPU.ActiveCfg = Debug|Any CPU
		{F74B2E13-1700-40FF-A65C-B1CFEA8199C6}.Debug|Any CPU.Build.0 = Debug|Any CPU
		{F74B2E13-1700-40FF-A65C-B1CFEA8199C6}.Release|Any CPU.ActiveCfg = Release|Any CPU
		{F74B2E13-1700-40FF-A65C-B1CFEA8199C6}.Release|Any CPU.Build.0 = Release|Any CPU
		{5D63B80F-8BAD-4CD6-8A3C-DF2C129A5A49}.Debug|Any CPU.ActiveCfg = Debug|Any CPU
		{5D63B80F-8BAD-4CD6-8A3C-DF2C129A5A49}.Debug|Any CPU.Build.0 = Debug|Any CPU
		{5D63B80F-8BAD-4CD6-8A3C-DF2C129A5A49}.Release|Any CPU.ActiveCfg = Release|Any CPU
		{5D63B80F-8BAD-4CD6-8A3C-DF2C129A5A49}.Release|Any CPU.Build.0 = Release|Any CPU
		{E34721F6-6159-4FB7-9A43-C46FD5717F70}.Debug|Any CPU.ActiveCfg = Debug|Any CPU
		{E34721F6-6159-4FB7-9A43-C46FD5717F70}.Debug|Any CPU.Build.0 = Debug|Any CPU
		{E34721F6-6159-4FB7-9A43-C46FD5717F70}.Release|Any CPU.ActiveCfg = Release|Any CPU
		{E34721F6-6159-4FB7-9A43-C46FD5717F70}.Release|Any CPU.Build.0 = Release|Any CPU
		{AF2EA5B3-4604-47FF-BB59-B560B9C49586}.Debug|Any CPU.ActiveCfg = Debug|Any CPU
		{AF2EA5B3-4604-47FF-BB59-B560B9C49586}.Debug|Any CPU.Build.0 = Debug|Any CPU
		{AF2EA5B3-4604-47FF-BB59-B560B9C49586}.Release|Any CPU.ActiveCfg = Release|Any CPU
		{AF2EA5B3-4604-47FF-BB59-B560B9C49586}.Release|Any CPU.Build.0 = Release|Any CPU
		{541620B8-097A-4B06-8670-A495A0F91D04}.Debug|Any CPU.ActiveCfg = Debug|Any CPU
		{541620B8-097A-4B06-8670-A495A0F91D04}.Debug|Any CPU.Build.0 = Debug|Any CPU
		{541620B8-097A-4B06-8670-A495A0F91D04}.Release|Any CPU.ActiveCfg = Release|Any CPU
		{541620B8-097A-4B06-8670-A495A0F91D04}.Release|Any CPU.Build.0 = Release|Any CPU
		{07A18736-D961-4C00-89C3-ECD1EF4BE778}.Debug|Any CPU.ActiveCfg = Debug|Any CPU
		{07A18736-D961-4C00-89C3-ECD1EF4BE778}.Debug|Any CPU.Build.0 = Debug|Any CPU
		{07A18736-D961-4C00-89C3-ECD1EF4BE778}.Release|Any CPU.ActiveCfg = Release|Any CPU
		{07A18736-D961-4C00-89C3-ECD1EF4BE778}.Release|Any CPU.Build.0 = Release|Any CPU
		{5DAE0755-C2A0-46BC-8C28-C869E94E1E1B}.Debug|Any CPU.ActiveCfg = Debug|Any CPU
		{5DAE0755-C2A0-46BC-8C28-C869E94E1E1B}.Debug|Any CPU.Build.0 = Debug|Any CPU
		{5DAE0755-C2A0-46BC-8C28-C869E94E1E1B}.Release|Any CPU.ActiveCfg = Release|Any CPU
		{5DAE0755-C2A0-46BC-8C28-C869E94E1E1B}.Release|Any CPU.Build.0 = Release|Any CPU
		{F2EA2217-E227-43F7-AA00-BF6DA249BBED}.Debug|Any CPU.ActiveCfg = Debug|Any CPU
		{F2EA2217-E227-43F7-AA00-BF6DA249BBED}.Debug|Any CPU.Build.0 = Debug|Any CPU
		{F2EA2217-E227-43F7-AA00-BF6DA249BBED}.Release|Any CPU.ActiveCfg = Release|Any CPU
		{F2EA2217-E227-43F7-AA00-BF6DA249BBED}.Release|Any CPU.Build.0 = Release|Any CPU
	EndGlobalSection
	GlobalSection(SolutionProperties) = preSolution
		HideSolutionNode = FALSE
	EndGlobalSection
	GlobalSection(NestedProjects) = preSolution
		{E2D00C08-6FEE-452D-A5E8-4C481C7A5EDD} = {70FD94CB-6E4D-49EC-9774-48ACD88ACA4D}
		{F1BB10F1-4438-433B-AB78-968EF29501A5} = {70FD94CB-6E4D-49EC-9774-48ACD88ACA4D}
		{D1F6FE3A-C20F-4268-B960-9002E7F370B5} = {70FD94CB-6E4D-49EC-9774-48ACD88ACA4D}
		{3B8FDB66-1D5A-4533-9F51-2D693BF0EF23} = {70FD94CB-6E4D-49EC-9774-48ACD88ACA4D}
		{D605E662-4A85-472A-B95D-EE920A55E956} = {70FD94CB-6E4D-49EC-9774-48ACD88ACA4D}
		{48D140D0-EA2A-48B8-A583-B6A45F6AB9C6} = {70FD94CB-6E4D-49EC-9774-48ACD88ACA4D}
		{3D6F200B-44EF-478D-B8F9-39600A1ACB04} = {70FD94CB-6E4D-49EC-9774-48ACD88ACA4D}
		{A5AB37C6-47E2-4544-A3A2-7F91753B5BC6} = {70FD94CB-6E4D-49EC-9774-48ACD88ACA4D}
		{00824AE6-7E52-417C-9A44-E1EDEF9E67D3} = {70FD94CB-6E4D-49EC-9774-48ACD88ACA4D}
		{BA524251-02AA-4E4F-8484-AC6BEF3EA79D} = {70FD94CB-6E4D-49EC-9774-48ACD88ACA4D}
		{46AC21F4-33B0-4832-AECB-31F3A94DDFD6} = {70FD94CB-6E4D-49EC-9774-48ACD88ACA4D}
		{10A7DAFA-2DDF-46DC-A4CF-49A5F65E3F21} = {70FD94CB-6E4D-49EC-9774-48ACD88ACA4D}
		{D792E26E-C6BB-40FA-B997-4237F446B8FB} = {70FD94CB-6E4D-49EC-9774-48ACD88ACA4D}
		{797E0018-B333-45C1-BE6A-B1AFEC9C8E49} = {70FD94CB-6E4D-49EC-9774-48ACD88ACA4D}
		{4018C83D-7974-4D49-B164-FA779877F549} = {70FD94CB-6E4D-49EC-9774-48ACD88ACA4D}
		{5B92E499-1136-4646-8DC1-C74761FC790B} = {70FD94CB-6E4D-49EC-9774-48ACD88ACA4D}
		{B2D9B9A4-2323-4536-BEA2-D6491C8BE453} = {70FD94CB-6E4D-49EC-9774-48ACD88ACA4D}
		{70F80C21-890D-45B5-A0C3-2B1052733E7D} = {70FD94CB-6E4D-49EC-9774-48ACD88ACA4D}
		{48869187-073A-4883-AFF5-B84D50FC3477} = {70FD94CB-6E4D-49EC-9774-48ACD88ACA4D}
		{2CA9CA80-05EF-4136-8C0A-92C53E4BFF44} = {70FD94CB-6E4D-49EC-9774-48ACD88ACA4D}
		{FDE6C69C-D8B8-44F4-9C35-9719747ABF80} = {70FD94CB-6E4D-49EC-9774-48ACD88ACA4D}
		{A9EA9FE7-CB88-4A35-875E-2C6C3D03EE72} = {5250D61C-9DE1-45B9-9059-62D6298799F6}
		{32749429-E6EE-4427-BC33-B44A9DE71BE4} = {5250D61C-9DE1-45B9-9059-62D6298799F6}
		{A597216D-F34D-43A6-A04F-DB1944758F1B} = {5250D61C-9DE1-45B9-9059-62D6298799F6}
		{37529E7A-D151-46FB-A12C-CC103BCAF131} = {5250D61C-9DE1-45B9-9059-62D6298799F6}
		{C7216D3B-4E23-4982-8210-C17448874B1E} = {5250D61C-9DE1-45B9-9059-62D6298799F6}
		{35872FE8-D983-4412-B054-29D4E7A6AE70} = {5250D61C-9DE1-45B9-9059-62D6298799F6}
		{08C61773-7B9F-41C4-92AE-25C925CD826C} = {5250D61C-9DE1-45B9-9059-62D6298799F6}
		{3E98DA9B-FD70-4548-B648-ECE52F3920F8} = {5250D61C-9DE1-45B9-9059-62D6298799F6}
		{088D3CD5-14E9-4E08-A650-AFA2D33C24EE} = {5250D61C-9DE1-45B9-9059-62D6298799F6}
		{21866066-C5BB-4885-B245-CB832DEFC265} = {5250D61C-9DE1-45B9-9059-62D6298799F6}
		{F74B2E13-1700-40FF-A65C-B1CFEA8199C6} = {5250D61C-9DE1-45B9-9059-62D6298799F6}
		{5D63B80F-8BAD-4CD6-8A3C-DF2C129A5A49} = {47B68E7A-CD11-4C40-A8CC-A081B033AF3C}
		{E34721F6-6159-4FB7-9A43-C46FD5717F70} = {47B68E7A-CD11-4C40-A8CC-A081B033AF3C}
		{AF2EA5B3-4604-47FF-BB59-B560B9C49586} = {47B68E7A-CD11-4C40-A8CC-A081B033AF3C}
		{541620B8-097A-4B06-8670-A495A0F91D04} = {47B68E7A-CD11-4C40-A8CC-A081B033AF3C}
		{07A18736-D961-4C00-89C3-ECD1EF4BE778} = {47B68E7A-CD11-4C40-A8CC-A081B033AF3C}
		{5DAE0755-C2A0-46BC-8C28-C869E94E1E1B} = {47B68E7A-CD11-4C40-A8CC-A081B033AF3C}
	EndGlobalSection
EndGlobal
