
Microsoft Visual Studio Solution File, Format Version 10.00
# Visual Studio 2008
Project("{FAE04EC0-301F-11D3-BF4B-00C04F79EFBC}") = "Settings.Documents", "Source\Settings.Documents.csproj", "{37529E7A-D151-46FB-A12C-CC103BCAF131}"
EndProject
Project("{FAE04EC0-301F-11D3-BF4B-00C04F79EFBC}") = "Test", "Test\Test.csproj", "{47796417-D5A7-4703-9306-CF264C18F586}"
	ProjectSection(ProjectDependencies) = postProject
		{37529E7A-D151-46FB-A12C-CC103BCAF131} = {37529E7A-D151-46FB-A12C-CC103BCAF131}
	EndProjectSection
EndProject
Global
	GlobalSection(SolutionConfigurationPlatforms) = preSolution
		Debug|Any CPU = Debug|Any CPU
		Release|Any CPU = Release|Any CPU
	EndGlobalSection
	GlobalSection(ProjectConfigurationPlatforms) = postSolution
		{37529E7A-D151-46FB-A12C-CC103BCAF131}.Debug|Any CPU.ActiveCfg = Debug|Any CPU
		{37529E7A-D151-46FB-A12C-CC103BCAF131}.Debug|Any CPU.Build.0 = Debug|Any CPU
		{37529E7A-D151-46FB-A12C-CC103BCAF131}.Release|Any CPU.ActiveCfg = Release|Any CPU
		{37529E7A-D151-46FB-A12C-CC103BCAF131}.Release|Any CPU.Build.0 = Release|Any CPU
		{47796417-D5A7-4703-9306-CF264C18F586}.Debug|Any CPU.ActiveCfg = Debug|Any CPU
		{47796417-D5A7-4703-9306-CF264C18F586}.Debug|Any CPU.Build.0 = Debug|Any CPU
		{47796417-D5A7-4703-9306-CF264C18F586}.Release|Any CPU.ActiveCfg = Release|Any CPU
		{47796417-D5A7-4703-9306-CF264C18F586}.Release|Any CPU.Build.0 = Release|Any CPU
	EndGlobalSection
	GlobalSection(SolutionProperties) = preSolution
		HideSolutionNode = FALSE
	EndGlobalSection
EndGlobal
