
Microsoft Visual Studio Solution File, Format Version 10.00
# Visual Studio 2008
Project("{FAE04EC0-301F-11D3-BF4B-00C04F79EFBC}") = "Forms.Cash", "Source\Forms.Cash.csproj", "{AF2EA5B3-4604-47FF-BB59-B560B9C49586}"
EndProject
Project("{FAE04EC0-301F-11D3-BF4B-00C04F79EFBC}") = "Test", "Test\Test.csproj", "{CC264A52-22AF-462A-8C77-4894EA439FF5}"
	ProjectSection(ProjectDependencies) = postProject
		{AF2EA5B3-4604-47FF-BB59-B560B9C49586} = {AF2EA5B3-4604-47FF-BB59-B560B9C49586}
	EndProjectSection
EndProject
Global
	GlobalSection(SolutionConfigurationPlatforms) = preSolution
		Debug|Any CPU = Debug|Any CPU
		Release|Any CPU = Release|Any CPU
	EndGlobalSection
	GlobalSection(ProjectConfigurationPlatforms) = postSolution
		{AF2EA5B3-4604-47FF-BB59-B560B9C49586}.Debug|Any CPU.ActiveCfg = Debug|Any CPU
		{AF2EA5B3-4604-47FF-BB59-B560B9C49586}.Debug|Any CPU.Build.0 = Debug|Any CPU
		{AF2EA5B3-4604-47FF-BB59-B560B9C49586}.Release|Any CPU.ActiveCfg = Release|Any CPU
		{AF2EA5B3-4604-47FF-BB59-B560B9C49586}.Release|Any CPU.Build.0 = Release|Any CPU
		{CC264A52-22AF-462A-8C77-4894EA439FF5}.Debug|Any CPU.ActiveCfg = Debug|Any CPU
		{CC264A52-22AF-462A-8C77-4894EA439FF5}.Debug|Any CPU.Build.0 = Debug|Any CPU
		{CC264A52-22AF-462A-8C77-4894EA439FF5}.Release|Any CPU.ActiveCfg = Release|Any CPU
		{CC264A52-22AF-462A-8C77-4894EA439FF5}.Release|Any CPU.Build.0 = Release|Any CPU
	EndGlobalSection
	GlobalSection(SolutionProperties) = preSolution
		HideSolutionNode = FALSE
	EndGlobalSection
EndGlobal
