
Microsoft Visual Studio Solution File, Format Version 10.00
# Visual Studio 2008
Project("{FAE04EC0-301F-11D3-BF4B-00C04F79EFBC}") = "Test", "Test\Test.csproj", "{2DA54330-C38E-4808-AAB2-F509614B430B}"
	ProjectSection(ProjectDependencies) = postProject
		{FDE6C69C-D8B8-44F4-9C35-9719747ABF80} = {FDE6C69C-D8B8-44F4-9C35-9719747ABF80}
	EndProjectSection
EndProject
Project("{FAE04EC0-301F-11D3-BF4B-00C04F79EFBC}") = "SMS.Manager", "SMS.Manager\SMS.Manager.csproj", "{FDE6C69C-D8B8-44F4-9C35-9719747ABF80}"
EndProject
Global
	GlobalSection(SolutionConfigurationPlatforms) = preSolution
		Debug|Any CPU = Debug|Any CPU
		Release|Any CPU = Release|Any CPU
	EndGlobalSection
	GlobalSection(ProjectConfigurationPlatforms) = postSolution
		{2DA54330-C38E-4808-AAB2-F509614B430B}.Debug|Any CPU.ActiveCfg = Debug|Any CPU
		{2DA54330-C38E-4808-AAB2-F509614B430B}.Debug|Any CPU.Build.0 = Debug|Any CPU
		{2DA54330-C38E-4808-AAB2-F509614B430B}.Release|Any CPU.ActiveCfg = Release|Any CPU
		{2DA54330-C38E-4808-AAB2-F509614B430B}.Release|Any CPU.Build.0 = Release|Any CPU
		{FDE6C69C-D8B8-44F4-9C35-9719747ABF80}.Debug|Any CPU.ActiveCfg = Debug|Any CPU
		{FDE6C69C-D8B8-44F4-9C35-9719747ABF80}.Debug|Any CPU.Build.0 = Debug|Any CPU
		{FDE6C69C-D8B8-44F4-9C35-9719747ABF80}.Release|Any CPU.ActiveCfg = Release|Any CPU
		{FDE6C69C-D8B8-44F4-9C35-9719747ABF80}.Release|Any CPU.Build.0 = Release|Any CPU
	EndGlobalSection
	GlobalSection(SolutionProperties) = preSolution
		HideSolutionNode = FALSE
	EndGlobalSection
EndGlobal
