
Microsoft Visual Studio Solution File, Format Version 10.00
# Visual Studio 2008
Project("{FAE04EC0-301F-11D3-BF4B-00C04F79EFBC}") = "Aftab Backup Manager", "Aftab Backup Manager\Aftab Backup Manager.csproj", "{020F9394-45F2-450B-8B1F-17782E8289F3}"
EndProject
Global
	GlobalSection(SolutionConfigurationPlatforms) = preSolution
		Debug|Any CPU = Debug|Any CPU
		Release|Any CPU = Release|Any CPU
	EndGlobalSection
	GlobalSection(ProjectConfigurationPlatforms) = postSolution
		{020F9394-45F2-450B-8B1F-17782E8289F3}.Debug|Any CPU.ActiveCfg = Debug|Any CPU
		{020F9394-45F2-450B-8B1F-17782E8289F3}.Debug|Any CPU.Build.0 = Debug|Any CPU
		{020F9394-45F2-450B-8B1F-17782E8289F3}.Release|Any CPU.ActiveCfg = Release|Any CPU
		{020F9394-45F2-450B-8B1F-17782E8289F3}.Release|Any CPU.Build.0 = Release|Any CPU
	EndGlobalSection
	GlobalSection(SolutionProperties) = preSolution
		HideSolutionNode = FALSE
	EndGlobalSection
EndGlobal
