
Microsoft Visual Studio Solution File, Format Version 10.00
# Visual Studio 2008
Project("{FAE04EC0-301F-11D3-BF4B-00C04F79EFBC}") = "ConnectionString.Manager", "ConnectionString.Manager\ConnectionString.Manager.csproj", "{48D140D0-EA2A-48B8-A583-B6A45F6AB9C6}"
EndProject
Project("{FAE04EC0-301F-11D3-BF4B-00C04F79EFBC}") = "Test", "Test\Test.csproj", "{72E5B8CB-1BED-4A7C-BB9D-21B5816F3092}"
	ProjectSection(ProjectDependencies) = postProject
		{48D140D0-EA2A-48B8-A583-B6A45F6AB9C6} = {48D140D0-EA2A-48B8-A583-B6A45F6AB9C6}
	EndProjectSection
EndProject
Global
	GlobalSection(SolutionConfigurationPlatforms) = preSolution
		Debug|Any CPU = Debug|Any CPU
		Release|Any CPU = Release|Any CPU
	EndGlobalSection
	GlobalSection(ProjectConfigurationPlatforms) = postSolution
		{48D140D0-EA2A-48B8-A583-B6A45F6AB9C6}.Debug|Any CPU.ActiveCfg = Debug|Any CPU
		{48D140D0-EA2A-48B8-A583-B6A45F6AB9C6}.Debug|Any CPU.Build.0 = Debug|Any CPU
		{48D140D0-EA2A-48B8-A583-B6A45F6AB9C6}.Release|Any CPU.ActiveCfg = Release|Any CPU
		{48D140D0-EA2A-48B8-A583-B6A45F6AB9C6}.Release|Any CPU.Build.0 = Release|Any CPU
		{72E5B8CB-1BED-4A7C-BB9D-21B5816F3092}.Debug|Any CPU.ActiveCfg = Debug|Any CPU
		{72E5B8CB-1BED-4A7C-BB9D-21B5816F3092}.Debug|Any CPU.Build.0 = Debug|Any CPU
		{72E5B8CB-1BED-4A7C-BB9D-21B5816F3092}.Release|Any CPU.ActiveCfg = Release|Any CPU
		{72E5B8CB-1BED-4A7C-BB9D-21B5816F3092}.Release|Any CPU.Build.0 = Release|Any CPU
	EndGlobalSection
	GlobalSection(SolutionProperties) = preSolution
		HideSolutionNode = FALSE
	EndGlobalSection
EndGlobal
