
Microsoft Visual Studio Solution File, Format Version 9.00
# Visual Studio 2005
Project("{FAE04EC0-301F-11D3-BF4B-00C04F79EFBC}") = "OutlookGridApp", "OutlookGridApp\OutlookGridApp.csproj", "{D966CE6D-A8B8-46F8-80B2-F9C3E768630F}"
EndProject
Global
	GlobalSection(SolutionConfigurationPlatforms) = preSolution
		Debug|Any CPU = Debug|Any CPU
		Release|Any CPU = Release|Any CPU
	EndGlobalSection
	GlobalSection(ProjectConfigurationPlatforms) = postSolution
		{D966CE6D-A8B8-46F8-80B2-F9C3E768630F}.Debug|Any CPU.ActiveCfg = Debug|Any CPU
		{D966CE6D-A8B8-46F8-80B2-F9C3E768630F}.Debug|Any CPU.Build.0 = Debug|Any CPU
		{D966CE6D-A8B8-46F8-80B2-F9C3E768630F}.Release|Any CPU.ActiveCfg = Release|Any CPU
		{D966CE6D-A8B8-46F8-80B2-F9C3E768630F}.Release|Any CPU.Build.0 = Release|Any CPU
	EndGlobalSection
	GlobalSection(SolutionProperties) = preSolution
		HideSolutionNode = FALSE
	EndGlobalSection
EndGlobal
