
Microsoft Visual Studio Solution File, Format Version 10.00
# Visual Studio 2008
Project("{FAE04EC0-301F-11D3-BF4B-00C04F79EFBC}") = "Test", "Test\Test.csproj", "{315F31D5-3F5A-4342-84CA-D4C0B5C0FF5F}"
	ProjectSection(ProjectDependencies) = postProject
		{541620B8-097A-4B06-8670-A495A0F91D04} = {541620B8-097A-4B06-8670-A495A0F91D04}
	EndProjectSection
EndProject
Project("{FAE04EC0-301F-11D3-BF4B-00C04F79EFBC}") = "Forms.Documents", "Source\Forms.Documents.csproj", "{541620B8-097A-4B06-8670-A495A0F91D04}"
EndProject
Global
	GlobalSection(SolutionConfigurationPlatforms) = preSolution
		Debug|Any CPU = Debug|Any CPU
		Release|Any CPU = Release|Any CPU
	EndGlobalSection
	GlobalSection(ProjectConfigurationPlatforms) = postSolution
		{315F31D5-3F5A-4342-84CA-D4C0B5C0FF5F}.Debug|Any CPU.ActiveCfg = Debug|Any CPU
		{315F31D5-3F5A-4342-84CA-D4C0B5C0FF5F}.Debug|Any CPU.Build.0 = Debug|Any CPU
		{315F31D5-3F5A-4342-84CA-D4C0B5C0FF5F}.Release|Any CPU.ActiveCfg = Release|Any CPU
		{315F31D5-3F5A-4342-84CA-D4C0B5C0FF5F}.Release|Any CPU.Build.0 = Release|Any CPU
		{541620B8-097A-4B06-8670-A495A0F91D04}.Debug|Any CPU.ActiveCfg = Debug|Any CPU
		{541620B8-097A-4B06-8670-A495A0F91D04}.Debug|Any CPU.Build.0 = Debug|Any CPU
		{541620B8-097A-4B06-8670-A495A0F91D04}.Release|Any CPU.ActiveCfg = Release|Any CPU
		{541620B8-097A-4B06-8670-A495A0F91D04}.Release|Any CPU.Build.0 = Release|Any CPU
	EndGlobalSection
	GlobalSection(SolutionProperties) = preSolution
		HideSolutionNode = FALSE
	EndGlobalSection
EndGlobal
