
Microsoft Visual Studio Solution File, Format Version 10.00
# Visual Studio 2008
Project("{FAE04EC0-301F-11D3-BF4B-00C04F79EFBC}") = "Help.Manager", "Help.Manager\Help.Manager.csproj", "{D792E26E-C6BB-40FA-B997-4237F446B8FB}"
EndProject
Project("{FAE04EC0-301F-11D3-BF4B-00C04F79EFBC}") = "Test", "Test\Test.csproj", "{1169D85A-FE46-43D7-8814-3926C7FBF856}"
	ProjectSection(ProjectDependencies) = postProject
		{D792E26E-C6BB-40FA-B997-4237F446B8FB} = {D792E26E-C6BB-40FA-B997-4237F446B8FB}
	EndProjectSection
EndProject
Global
	GlobalSection(SolutionConfigurationPlatforms) = preSolution
		Debug|Any CPU = Debug|Any CPU
		Release|Any CPU = Release|Any CPU
	EndGlobalSection
	GlobalSection(ProjectConfigurationPlatforms) = postSolution
		{D792E26E-C6BB-40FA-B997-4237F446B8FB}.Debug|Any CPU.ActiveCfg = Debug|Any CPU
		{D792E26E-C6BB-40FA-B997-4237F446B8FB}.Debug|Any CPU.Build.0 = Debug|Any CPU
		{D792E26E-C6BB-40FA-B997-4237F446B8FB}.Release|Any CPU.ActiveCfg = Release|Any CPU
		{D792E26E-C6BB-40FA-B997-4237F446B8FB}.Release|Any CPU.Build.0 = Release|Any CPU
		{1169D85A-FE46-43D7-8814-3926C7FBF856}.Debug|Any CPU.ActiveCfg = Debug|Any CPU
		{1169D85A-FE46-43D7-8814-3926C7FBF856}.Debug|Any CPU.Build.0 = Debug|Any CPU
		{1169D85A-FE46-43D7-8814-3926C7FBF856}.Release|Any CPU.ActiveCfg = Release|Any CPU
		{1169D85A-FE46-43D7-8814-3926C7FBF856}.Release|Any CPU.Build.0 = Release|Any CPU
	EndGlobalSection
	GlobalSection(SolutionProperties) = preSolution
		HideSolutionNode = FALSE
	EndGlobalSection
EndGlobal
