
Microsoft Visual Studio Solution File, Format Version 10.00
# Visual Studio 2008
Project("{FAE04EC0-301F-11D3-BF4B-00C04F79EFBC}") = "Names.Translator", "Names.Translator\Names.Translator.csproj", "{D7DAB04E-0D6E-4FE6-8664-3E989E3E7DA5}"
EndProject
Global
	GlobalSection(SolutionConfigurationPlatforms) = preSolution
		Debug|Any CPU = Debug|Any CPU
		Release|Any CPU = Release|Any CPU
	EndGlobalSection
	GlobalSection(ProjectConfigurationPlatforms) = postSolution
		{D7DAB04E-0D6E-4FE6-8664-3E989E3E7DA5}.Debug|Any CPU.ActiveCfg = Debug|Any CPU
		{D7DAB04E-0D6E-4FE6-8664-3E989E3E7DA5}.Debug|Any CPU.Build.0 = Debug|Any CPU
		{D7DAB04E-0D6E-4FE6-8664-3E989E3E7DA5}.Release|Any CPU.ActiveCfg = Release|Any CPU
		{D7DAB04E-0D6E-4FE6-8664-3E989E3E7DA5}.Release|Any CPU.Build.0 = Release|Any CPU
	EndGlobalSection
	GlobalSection(SolutionProperties) = preSolution
		HideSolutionNode = FALSE
	EndGlobalSection
EndGlobal
