
Microsoft Visual Studio Solution File, Format Version 10.00
# Visual Studio 2008
Project("{FAE04EC0-301F-11D3-BF4B-00C04F79EFBC}") = "SMS.Sender.Manager", "Source\SMS.Sender.Manager.csproj", "{2DA54330-C38E-4808-AAB2-F509614B430B}"
EndProject
Global
	GlobalSection(SolutionConfigurationPlatforms) = preSolution
		Debug|Any CPU = Debug|Any CPU
		Release|Any CPU = Release|Any CPU
	EndGlobalSection
	GlobalSection(ProjectConfigurationPlatforms) = postSolution
		{2DA54330-C38E-4808-AAB2-F509614B430B}.Debug|Any CPU.ActiveCfg = Debug|Any CPU
		{2DA54330-C38E-4808-AAB2-F509614B430B}.Debug|Any CPU.Build.0 = Debug|Any CPU
		{2DA54330-C38E-4808-AAB2-F509614B430B}.Release|Any CPU.ActiveCfg = Release|Any CPU
		{2DA54330-C38E-4808-AAB2-F509614B430B}.Release|Any CPU.Build.0 = Release|Any CPU
	EndGlobalSection
	GlobalSection(SolutionProperties) = preSolution
		HideSolutionNode = FALSE
	EndGlobalSection
EndGlobal
