
Microsoft Visual Studio Solution File, Format Version 10.00
# Visual Studio 2008
Project("{FAE04EC0-301F-11D3-BF4B-00C04F79EFBC}") = "Test", "Test\Test.csproj", "{5B85F40F-433C-4E6B-9BBF-B17AFD32072D}"
	ProjectSection(ProjectDependencies) = postProject
		{5DAE0755-C2A0-46BC-8C28-C869E94E1E1B} = {5DAE0755-C2A0-46BC-8C28-C869E94E1E1B}
	EndProjectSection
EndProject
Project("{FAE04EC0-301F-11D3-BF4B-00C04F79EFBC}") = "Forms.Schedules", "Source\Forms.Schedules.csproj", "{5DAE0755-C2A0-46BC-8C28-C869E94E1E1B}"
EndProject
Global
	GlobalSection(SolutionConfigurationPlatforms) = preSolution
		Debug|Any CPU = Debug|Any CPU
		Release|Any CPU = Release|Any CPU
	EndGlobalSection
	GlobalSection(ProjectConfigurationPlatforms) = postSolution
		{5B85F40F-433C-4E6B-9BBF-B17AFD32072D}.Debug|Any CPU.ActiveCfg = Debug|Any CPU
		{5B85F40F-433C-4E6B-9BBF-B17AFD32072D}.Debug|Any CPU.Build.0 = Debug|Any CPU
		{5B85F40F-433C-4E6B-9BBF-B17AFD32072D}.Release|Any CPU.ActiveCfg = Release|Any CPU
		{5B85F40F-433C-4E6B-9BBF-B17AFD32072D}.Release|Any CPU.Build.0 = Release|Any CPU
		{5DAE0755-C2A0-46BC-8C28-C869E94E1E1B}.Debug|Any CPU.ActiveCfg = Debug|Any CPU
		{5DAE0755-C2A0-46BC-8C28-C869E94E1E1B}.Debug|Any CPU.Build.0 = Debug|Any CPU
		{5DAE0755-C2A0-46BC-8C28-C869E94E1E1B}.Release|Any CPU.ActiveCfg = Release|Any CPU
		{5DAE0755-C2A0-46BC-8C28-C869E94E1E1B}.Release|Any CPU.Build.0 = Release|Any CPU
	EndGlobalSection
	GlobalSection(SolutionProperties) = preSolution
		HideSolutionNode = FALSE
	EndGlobalSection
EndGlobal
