
Microsoft Visual Studio Solution File, Format Version 10.00
# Visual Studio 2008
Project("{FAE04EC0-301F-11D3-BF4B-00C04F79EFBC}") = "Test", "Test\Test.csproj", "{D7E10C8B-B722-4DD7-A6E6-1BB3646BFB99}"
	ProjectSection(ProjectDependencies) = postProject
		{35872FE8-D983-4412-B054-29D4E7A6AE70} = {35872FE8-D983-4412-B054-29D4E7A6AE70}
	EndProjectSection
EndProject
Project("{FAE04EC0-301F-11D3-BF4B-00C04F79EFBC}") = "Settings.PACSIntegration", "Source\Settings.PACSIntegration.csproj", "{35872FE8-D983-4412-B054-29D4E7A6AE70}"
EndProject
Global
	GlobalSection(SolutionConfigurationPlatforms) = preSolution
		Debug|Any CPU = Debug|Any CPU
		Release|Any CPU = Release|Any CPU
	EndGlobalSection
	GlobalSection(ProjectConfigurationPlatforms) = postSolution
		{D7E10C8B-B722-4DD7-A6E6-1BB3646BFB99}.Debug|Any CPU.ActiveCfg = Debug|Any CPU
		{D7E10C8B-B722-4DD7-A6E6-1BB3646BFB99}.Debug|Any CPU.Build.0 = Debug|Any CPU
		{D7E10C8B-B722-4DD7-A6E6-1BB3646BFB99}.Release|Any CPU.ActiveCfg = Release|Any CPU
		{D7E10C8B-B722-4DD7-A6E6-1BB3646BFB99}.Release|Any CPU.Build.0 = Release|Any CPU
		{35872FE8-D983-4412-B054-29D4E7A6AE70}.Debug|Any CPU.ActiveCfg = Debug|Any CPU
		{35872FE8-D983-4412-B054-29D4E7A6AE70}.Debug|Any CPU.Build.0 = Debug|Any CPU
		{35872FE8-D983-4412-B054-29D4E7A6AE70}.Release|Any CPU.ActiveCfg = Release|Any CPU
		{35872FE8-D983-4412-B054-29D4E7A6AE70}.Release|Any CPU.Build.0 = Release|Any CPU
	EndGlobalSection
	GlobalSection(SolutionProperties) = preSolution
		HideSolutionNode = FALSE
	EndGlobalSection
EndGlobal
